// !$*UTF8*$!
{
	archiveVersion = 1;
	classes = {
	};
	objectVersion = 77;
	objects = {

/* Begin PBXBuildFile section */
		8704897C2FB0A6F2002AAB5F /* AppDelegate.swift in Sources */ = {isa = PBXBuildFile; fileRef = 8704897B2FB0A6F2002AAB5F /* AppDelegate.swift */; };
		870489802FB0A6F2002AAB5F /* Main.html in Resources */ = {isa = PBXBuildFile; fileRef = 8704897E2FB0A6F2002AAB5F /* Main.html */; };
		870489822FB0A6F2002AAB5F /* Icon.png in Resources */ = {isa = PBXBuildFile; fileRef = 870489812FB0A6F2002AAB5F /* Icon.png */; };
		870489842FB0A6F2002AAB5F /* Style.css in Resources */ = {isa = PBXBuildFile; fileRef = 870489832FB0A6F2002AAB5F /* Style.css */; };
		870489862FB0A6F2002AAB5F /* SceneDelegate.swift in Sources */ = {isa = PBXBuildFile; fileRef = 870489852FB0A6F2002AAB5F /* SceneDelegate.swift */; };
		870489882FB0A6F2002AAB5F /* ViewController.swift in Sources */ = {isa = PBXBuildFile; fileRef = 870489872FB0A6F2002AAB5F /* ViewController.swift */; };
		8704898B2FB0A6F2002AAB5F /* LaunchScreen.storyboard in Resources */ = {isa = PBXBuildFile; fileRef = 870489892FB0A6F2002AAB5F /* LaunchScreen.storyboard */; };
		8704898E2FB0A6F2002AAB5F /* Main.storyboard in Resources */ = {isa = PBXBuildFile; fileRef = 8704898C2FB0A6F2002AAB5F /* Main.storyboard */; };
		870489962FB0A6F3002AAB5F /* Veil Extension.appex in Embed Foundation Extensions */ = {isa = PBXBuildFile; fileRef = 870489952FB0A6F3002AAB5F /* Veil Extension.appex */; settings = {ATTRIBUTES = (RemoveHeadersOnCopy, ); }; };
		8704899B2FB0A6F3002AAB5F /* SafariWebExtensionHandler.swift in Sources */ = {isa = PBXBuildFile; fileRef = 8704899A2FB0A6F3002AAB5F /* SafariWebExtensionHandler.swift */; };
		8704899D2FB0A6F3002AAB5F /* Assets.xcassets in Resources */ = {isa = PBXBuildFile; fileRef = 8704898F2FB0A6F3002AAB5F /* Assets.xcassets */; };
		870489B72FB0A6F3002AAB5F /* dist in Resources */ = {isa = PBXBuildFile; fileRef = 870489A82FB0A6F3002AAB5F /* dist */; };
		870489B82FB0A6F3002AAB5F /* popup.html in Resources */ = {isa = PBXBuildFile; fileRef = 870489A92FB0A6F3002AAB5F /* popup.html */; };
		870489B92FB0A6F3002AAB5F /* tsconfig.tsbuildinfo in Resources */ = {isa = PBXBuildFile; fileRef = 870489AA2FB0A6F3002AAB5F /* tsconfig.tsbuildinfo */; };
		870489BA2FB0A6F3002AAB5F /* node_modules in Resources */ = {isa = PBXBuildFile; fileRef = 870489AB2FB0A6F3002AAB5F /* node_modules */; };
		870489BB2FB0A6F3002AAB5F /* _metadata in Resources */ = {isa = PBXBuildFile; fileRef = 870489AC2FB0A6F3002AAB5F /* _metadata */; };
		870489BC2FB0A6F3002AAB5F /* package.json in Resources */ = {isa = PBXBuildFile; fileRef = 870489AD2FB0A6F3002AAB5F /* package.json */; };
		870489BD2FB0A6F3002AAB5F /* icons in Resources */ = {isa = PBXBuildFile; fileRef = 870489AE2FB0A6F3002AAB5F /* icons */; };
		870489BE2FB0A6F3002AAB5F /* manifest.json in Resources */ = {isa = PBXBuildFile; fileRef = 870489AF2FB0A6F3002AAB5F /* manifest.json */; };
		870489BF2FB0A6F3002AAB5F /* rules in Resources */ = {isa = PBXBuildFile; fileRef = 870489B02FB0A6F3002AAB5F /* rules */; };
		870489C02FB0A6F3002AAB5F /* tsconfig.json in Resources */ = {isa = PBXBuildFile; fileRef = 870489B12FB0A6F3002AAB5F /* tsconfig.json */; };
		870489C12FB0A6F3002AAB5F /* options.html in Resources */ = {isa = PBXBuildFile; fileRef = 870489B22FB0A6F3002AAB5F /* options.html */; };
		870489C22FB0A6F3002AAB5F /* bundled-rules in Resources */ = {isa = PBXBuildFile; fileRef = 870489B32FB0A6F3002AAB5F /* bundled-rules */; };
		870489C32FB0A6F3002AAB5F /* filter-lists in Resources */ = {isa = PBXBuildFile; fileRef = 870489B52FB0A6F3002AAB5F /* filter-lists */; };
		870489C42FB0A6F3002AAB5F /* src in Resources */ = {isa = PBXBuildFile; fileRef = 870489B62FB0A6F3002AAB5F /* src */; };
/* End PBXBuildFile section */

/* Begin PBXContainerItemProxy section */
		870489972FB0A6F3002AAB5F /* PBXContainerItemProxy */ = {
			isa = PBXContainerItemProxy;
			containerPortal = 870489702FB0A6F2002AAB5F /* Project object */;
			proxyType = 1;
			remoteGlobalIDString = 870489942FB0A6F3002AAB5F;
			remoteInfo = "Veil Extension";
		};
/* End PBXContainerItemProxy section */

/* Begin PBXCopyFilesBuildPhase section */
		870489A32FB0A6F3002AAB5F /* Embed Foundation Extensions */ = {
			isa = PBXCopyFilesBuildPhase;
			buildActionMask = 2147483647;
			dstPath = "";
			dstSubfolderSpec = 13;
			files = (
				870489962FB0A6F3002AAB5F /* Veil Extension.appex in Embed Foundation Extensions */,
			);
			name = "Embed Foundation Extensions";
			runOnlyForDeploymentPostprocessing = 0;
		};
/* End PBXCopyFilesBuildPhase section */

/* Begin PBXFileReference section */
		870489782FB0A6F2002AAB5F /* Veil.app */ = {isa = PBXFileReference; explicitFileType = wrapper.application; includeInIndex = 0; path = Veil.app; sourceTree = BUILT_PRODUCTS_DIR; };
		8704897B2FB0A6F2002AAB5F /* AppDelegate.swift */ = {isa = PBXFileReference; lastKnownFileType = sourcecode.swift; path = AppDelegate.swift; sourceTree = "<group>"; };
		8704897F2FB0A6F2002AAB5F /* Base */ = {isa = PBXFileReference; lastKnownFileType = text.html; name = Base; path = Base.lproj/Main.html; sourceTree = "<group>"; };
		870489812FB0A6F2002AAB5F /* Icon.png */ = {isa = PBXFileReference; lastKnownFileType = image.png; path = Icon.png; sourceTree = "<group>"; };
		870489832FB0A6F2002AAB5F /* Style.css */ = {isa = PBXFileReference; lastKnownFileType = text.css; path = Style.css; sourceTree = "<group>"; };
		870489852FB0A6F2002AAB5F /* SceneDelegate.swift */ = {isa = PBXFileReference; lastKnownFileType = sourcecode.swift; path = SceneDelegate.swift; sourceTree = "<group>"; };
		870489872FB0A6F2002AAB5F /* ViewController.swift */ = {isa = PBXFileReference; lastKnownFileType = sourcecode.swift; path = ViewController.swift; sourceTree = "<group>"; };
		8704898A2FB0A6F2002AAB5F /* Base */ = {isa = PBXFileReference; lastKnownFileType = file.storyboard; name = Base; path = Base.lproj/LaunchScreen.storyboard; sourceTree = "<group>"; };
		8704898D2FB0A6F2002AAB5F /* Base */ = {isa = PBXFileReference; lastKnownFileType = file.storyboard; name = Base; path = Base.lproj/Main.storyboard; sourceTree = "<group>"; };
		8704898F2FB0A6F3002AAB5F /* Assets.xcassets */ = {isa = PBXFileReference; lastKnownFileType = folder.assetcatalog; path = Assets.xcassets; sourceTree = "<group>"; };
		870489902FB0A6F3002AAB5F /* Info.plist */ = {isa = PBXFileReference; lastKnownFileType = text.plist.xml; path = Info.plist; sourceTree = "<group>"; };
		870489952FB0A6F3002AAB5F /* Veil Extension.appex */ = {isa = PBXFileReference; explicitFileType = "wrapper.app-extension"; includeInIndex = 0; path = "Veil Extension.appex"; sourceTree = BUILT_PRODUCTS_DIR; };
		8704899A2FB0A6F3002AAB5F /* SafariWebExtensionHandler.swift */ = {isa = PBXFileReference; lastKnownFileType = sourcecode.swift; path = SafariWebExtensionHandler.swift; sourceTree = "<group>"; };
		8704899C2FB0A6F3002AAB5F /* Info.plist */ = {isa = PBXFileReference; lastKnownFileType = text.plist.xml; path = Info.plist; sourceTree = "<group>"; };
		870489A82FB0A6F3002AAB5F /* dist */ = {isa = PBXFileReference; lastKnownFileType = folder; name = dist; path = ../../../../packages/chrome/dist; sourceTree = "<group>"; };
		870489A92FB0A6F3002AAB5F /* popup.html */ = {isa = PBXFileReference; lastKnownFileType = text.html; name = popup.html; path = ../../../../packages/chrome/popup.html; sourceTree = "<group>"; };
		870489AA2FB0A6F3002AAB5F /* tsconfig.tsbuildinfo */ = {isa = PBXFileReference; lastKnownFileType = text; name = tsconfig.tsbuildinfo; path = ../../../../packages/chrome/tsconfig.tsbuildinfo; sourceTree = "<group>"; };
		870489AB2FB0A6F3002AAB5F /* node_modules */ = {isa = PBXFileReference; lastKnownFileType = folder; name = node_modules; path = ../../../../packages/chrome/node_modules; sourceTree = "<group>"; };
		870489AC2FB0A6F3002AAB5F /* _metadata */ = {isa = PBXFileReference; lastKnownFileType = folder; name = _metadata; path = ../../../../packages/chrome/_metadata; sourceTree = "<group>"; };
		870489AD2FB0A6F3002AAB5F /* package.json */ = {isa = PBXFileReference; lastKnownFileType = text.json; name = package.json; path = ../../../../packages/chrome/package.json; sourceTree = "<group>"; };
		870489AE2FB0A6F3002AAB5F /* icons */ = {isa = PBXFileReference; lastKnownFileType = folder; name = icons; path = ../../../../packages/chrome/icons; sourceTree = "<group>"; };
		870489AF2FB0A6F3002AAB5F /* manifest.json */ = {isa = PBXFileReference; lastKnownFileType = text.json; name = manifest.json; path = ../../../../packages/chrome/manifest.json; sourceTree = "<group>"; };
		870489B02FB0A6F3002AAB5F /* rules */ = {isa = PBXFileReference; lastKnownFileType = folder; name = rules; path = ../../../../packages/chrome/rules; sourceTree = "<group>"; };
		870489B12FB0A6F3002AAB5F /* tsconfig.json */ = {isa = PBXFileReference; lastKnownFileType = text.json; name = tsconfig.json; path = ../../../../packages/chrome/tsconfig.json; sourceTree = "<group>"; };
		870489B22FB0A6F3002AAB5F /* options.html */ = {isa = PBXFileReference; lastKnownFileType = text.html; name = options.html; path = ../../../../packages/chrome/options.html; sourceTree = "<group>"; };
		870489B32FB0A6F3002AAB5F /* bundled-rules */ = {isa = PBXFileReference; lastKnownFileType = folder; name = "bundled-rules"; path = "../../../../packages/chrome/bundled-rules"; sourceTree = "<group>"; };
		870489B42FB0A6F3002AAB5F /* vite.config.ts */ = {isa = PBXFileReference; lastKnownFileType = sourcecode.typescript; name = vite.config.ts; path = ../../../../packages/chrome/vite.config.ts; sourceTree = "<group>"; };
		870489B52FB0A6F3002AAB5F /* filter-lists */ = {isa = PBXFileReference; lastKnownFileType = folder; name = "filter-lists"; path = "../../../../packages/chrome/filter-lists"; sourceTree = "<group>"; };
		870489B62FB0A6F3002AAB5F /* src */ = {isa = PBXFileReference; lastKnownFileType = folder; name = src; path = ../../../../packages/chrome/src; sourceTree = "<group>"; };
/* End PBXFileReference section */

/* Begin PBXFrameworksBuildPhase section */
		870489752FB0A6F2002AAB5F /* Frameworks */ = {
			isa = PBXFrameworksBuildPhase;
			buildActionMask = 2147483647;
			files = (
			);
			runOnlyForDeploymentPostprocessing = 0;
		};
		870489922FB0A6F3002AAB5F /* Frameworks */ = {
			isa = PBXFrameworksBuildPhase;
			buildActionMask = 2147483647;
			files = (
			);
			runOnlyForDeploymentPostprocessing = 0;
		};
/* End PBXFrameworksBuildPhase section */

/* Begin PBXGroup section */
		8704896F2FB0A6F2002AAB5F = {
			isa = PBXGroup;
			children = (
				8704897A2FB0A6F2002AAB5F /* Veil */,
				870489992FB0A6F3002AAB5F /* Veil Extension */,
				870489792FB0A6F2002AAB5F /* Products */,
			);
			sourceTree = "<group>";
		};
		870489792FB0A6F2002AAB5F /* Products */ = {
			isa = PBXGroup;
			children = (
				870489782FB0A6F2002AAB5F /* Veil.app */,
				870489952FB0A6F3002AAB5F /* Veil Extension.appex */,
			);
			name = Products;
			sourceTree = "<group>";
		};
		8704897A2FB0A6F2002AAB5F /* Veil */ = {
			isa = PBXGroup;
			children = (
				8704897B2FB0A6F2002AAB5F /* AppDelegate.swift */,
				870489852FB0A6F2002AAB5F /* SceneDelegate.swift */,
				870489872FB0A6F2002AAB5F /* ViewController.swift */,
				870489892FB0A6F2002AAB5F /* LaunchScreen.storyboard */,
				8704898C2FB0A6F2002AAB5F /* Main.storyboard */,
				8704898F2FB0A6F3002AAB5F /* Assets.xcassets */,
				870489902FB0A6F3002AAB5F /* Info.plist */,
				8704897D2FB0A6F2002AAB5F /* Resources */,
			);
			path = Veil;
			sourceTree = "<group>";
		};
		8704897D2FB0A6F2002AAB5F /* Resources */ = {
			isa = PBXGroup;
			children = (
				8704897E2FB0A6F2002AAB5F /* Main.html */,
				870489812FB0A6F2002AAB5F /* Icon.png */,
				870489832FB0A6F2002AAB5F /* Style.css */,
			);
			path = Resources;
			sourceTree = "<group>";
		};
		870489992FB0A6F3002AAB5F /* Veil Extension */ = {
			isa = PBXGroup;
			children = (
				870489A72FB0A6F3002AAB5F /* Resources */,
				8704899A2FB0A6F3002AAB5F /* SafariWebExtensionHandler.swift */,
				8704899C2FB0A6F3002AAB5F /* Info.plist */,
			);
			path = "Veil Extension";
			sourceTree = "<group>";
		};
		870489A72FB0A6F3002AAB5F /* Resources */ = {
			isa = PBXGroup;
			children = (
				870489A82FB0A6F3002AAB5F /* dist */,
				870489A92FB0A6F3002AAB5F /* popup.html */,
				870489AA2FB0A6F3002AAB5F /* tsconfig.tsbuildinfo */,
				870489AB2FB0A6F3002AAB5F /* node_modules */,
				870489AC2FB0A6F3002AAB5F /* _metadata */,
				870489AD2FB0A6F3002AAB5F /* package.json */,
				870489AE2FB0A6F3002AAB5F /* icons */,
				870489AF2FB0A6F3002AAB5F /* manifest.json */,
				870489B02FB0A6F3002AAB5F /* rules */,
				870489B12FB0A6F3002AAB5F /* tsconfig.json */,
				870489B22FB0A6F3002AAB5F /* options.html */,
				870489B32FB0A6F3002AAB5F /* bundled-rules */,
				870489B42FB0A6F3002AAB5F /* vite.config.ts */,
				870489B52FB0A6F3002AAB5F /* filter-lists */,
				870489B62FB0A6F3002AAB5F /* src */,
			);
			name = Resources;
			path = "Veil Extension";
			sourceTree = SOURCE_ROOT;
		};
/* End PBXGroup section */

/* Begin PBXNativeTarget section */
		870489772FB0A6F2002AAB5F /* Veil */ = {
			isa = PBXNativeTarget;
			buildConfigurationList = 870489A42FB0A6F3002AAB5F /* Build configuration list for PBXNativeTarget "Veil" */;
			buildPhases = (
				870489742FB0A6F2002AAB5F /* Sources */,
				870489752FB0A6F2002AAB5F /* Frameworks */,
				870489762FB0A6F2002AAB5F /* Resources */,
				870489A32FB0A6F3002AAB5F /* Embed Foundation Extensions */,
			);
			buildRules = (
			);
			dependencies = (
				870489982FB0A6F3002AAB5F /* PBXTargetDependency */,
			);
			name = Veil;
			packageProductDependencies = (
			);
			productName = Veil;
			productReference = 870489782FB0A6F2002AAB5F /* Veil.app */;
			productType = "com.apple.product-type.application";
		};
		870489942FB0A6F3002AAB5F /* Veil Extension */ = {
			isa = PBXNativeTarget;
			buildConfigurationList = 870489A02FB0A6F3002AAB5F /* Build configuration list for PBXNativeTarget "Veil Extension" */;
			buildPhases = (
				870489912FB0A6F3002AAB5F /* Sources */,
				870489922FB0A6F3002AAB5F /* Frameworks */,
				870489932FB0A6F3002AAB5F /* Resources */,
			);
			buildRules = (
			);
			dependencies = (
			);
			name = "Veil Extension";
			packageProductDependencies = (
			);
			productName = "Veil Extension";
			productReference = 870489952FB0A6F3002AAB5F /* Veil Extension.appex */;
			productType = "com.apple.product-type.app-extension";
		};
/* End PBXNativeTarget section */

/* Begin PBXProject section */
		870489702FB0A6F2002AAB5F /* Project object */ = {
			isa = PBXProject;
			attributes = {
				BuildIndependentTargetsInParallel = 1;
				LastSwiftUpdateCheck = 2640;
				LastUpgradeCheck = 2640;
				TargetAttributes = {
					870489772FB0A6F2002AAB5F = {
						CreatedOnToolsVersion = 26.4.1;
					};
					870489942FB0A6F3002AAB5F = {
						CreatedOnToolsVersion = 26.4.1;
					};
				};
			};
			buildConfigurationList = 870489732FB0A6F2002AAB5F /* Build configuration list for PBXProject "Veil" */;
			developmentRegion = en;
			hasScannedForEncodings = 0;
			knownRegions = (
				en,
				Base,
			);
			mainGroup = 8704896F2FB0A6F2002AAB5F;
			minimizedProjectReferenceProxies = 1;
			preferredProjectObjectVersion = 77;
			productRefGroup = 870489792FB0A6F2002AAB5F /* Products */;
			projectDirPath = "";
			projectRoot = "";
			targets = (
				870489772FB0A6F2002AAB5F /* Veil */,
				870489942FB0A6F3002AAB5F /* Veil Extension */,
			);
		};
/* End PBXProject section */

/* Begin PBXResourcesBuildPhase section */
		870489762FB0A6F2002AAB5F /* Resources */ = {
			isa = PBXResourcesBuildPhase;
			buildActionMask = 2147483647;
			files = (
				870489822FB0A6F2002AAB5F /* Icon.png in Resources */,
				8704898E2FB0A6F2002AAB5F /* Main.storyboard in Resources */,
				8704898B2FB0A6F2002AAB5F /* LaunchScreen.storyboard in Resources */,
				870489802FB0A6F2002AAB5F /* Main.html in Resources */,
				8704899D2FB0A6F3002AAB5F /* Assets.xcassets in Resources */,
				870489842FB0A6F2002AAB5F /* Style.css in Resources */,
			);
			runOnlyForDeploymentPostprocessing = 0;
		};
		870489932FB0A6F3002AAB5F /* Resources */ = {
			isa = PBXResourcesBuildPhase;
			buildActionMask = 2147483647;
			files = (
				870489C02FB0A6F3002AAB5F /* tsconfig.json in Resources */,
				870489B72FB0A6F3002AAB5F /* dist in Resources */,
				870489B92FB0A6F3002AAB5F /* tsconfig.tsbuildinfo in Resources */,
				870489BC2FB0A6F3002AAB5F /* package.json in Resources */,
				870489C12FB0A6F3002AAB5F /* options.html in Resources */,
				870489C42FB0A6F3002AAB5F /* src in Resources */,
				870489BF2FB0A6F3002AAB5F /* rules in Resources */,
				870489BA2FB0A6F3002AAB5F /* node_modules in Resources */,
				870489BE2FB0A6F3002AAB5F /* manifest.json in Resources */,
				870489BB2FB0A6F3002AAB5F /* _metadata in Resources */,
				870489BD2FB0A6F3002AAB5F /* icons in Resources */,
				870489B82FB0A6F3002AAB5F /* popup.html in Resources */,
				870489C32FB0A6F3002AAB5F /* filter-lists in Resources */,
				870489C22FB0A6F3002AAB5F /* bundled-rules in Resources */,
			);
			runOnlyForDeploymentPostprocessing = 0;
		};
/* End PBXResourcesBuildPhase section */

/* Begin PBXSourcesBuildPhase section */
		870489742FB0A6F2002AAB5F /* Sources */ = {
			isa = PBXSourcesBuildPhase;
			buildActionMask = 2147483647;
			files = (
				870489882FB0A6F2002AAB5F /* ViewController.swift in Sources */,
				8704897C2FB0A6F2002AAB5F /* AppDelegate.swift in Sources */,
				870489862FB0A6F2002AAB5F /* SceneDelegate.swift in Sources */,
			);
			runOnlyForDeploymentPostprocessing = 0;
		};
		870489912FB0A6F3002AAB5F /* Sources */ = {
			isa = PBXSourcesBuildPhase;
			buildActionMask = 2147483647;
			files = (
				8704899B2FB0A6F3002AAB5F /* SafariWebExtensionHandler.swift in Sources */,
			);
			runOnlyForDeploymentPostprocessing = 0;
		};
/* End PBXSourcesBuildPhase section */

/* Begin PBXTargetDependency section */
		870489982FB0A6F3002AAB5F /* PBXTargetDependency */ = {
			isa = PBXTargetDependency;
			target = 870489942FB0A6F3002AAB5F /* Veil Extension */;
			targetProxy = 870489972FB0A6F3002AAB5F /* PBXContainerItemProxy */;
		};
/* End PBXTargetDependency section */

/* Begin PBXVariantGroup section */
		8704897E2FB0A6F2002AAB5F /* Main.html */ = {
			isa = PBXVariantGroup;
			children = (
				8704897F2FB0A6F2002AAB5F /* Base */,
			);
			name = Main.html;
			sourceTree = "<group>";
		};
		870489892FB0A6F2002AAB5F /* LaunchScreen.storyboard */ = {
			isa = PBXVariantGroup;
			children = (
				8704898A2FB0A6F2002AAB5F /* Base */,
			);
			name = LaunchScreen.storyboard;
			sourceTree = "<group>";
		};
		8704898C2FB0A6F2002AAB5F /* Main.storyboard */ = {
			isa = PBXVariantGroup;
			children = (
				8704898D2FB0A6F2002AAB5F /* Base */,
			);
			name = Main.storyboard;
			sourceTree = "<group>";
		};
/* End PBXVariantGroup section */

/* Begin XCBuildConfiguration section */
		8704899E2FB0A6F3002AAB5F /* Debug */ = {
			isa = XCBuildConfiguration;
			buildSettings = {
				ALWAYS_SEARCH_USER_PATHS = NO;
				ASSETCATALOG_COMPILER_GENERATE_SWIFT_ASSET_SYMBOL_EXTENSIONS = YES;
				CLANG_ANALYZER_NONNULL = YES;
				CLANG_ANALYZER_NUMBER_OBJECT_CONVERSION = YES_AGGRESSIVE;
				CLANG_CXX_LANGUAGE_STANDARD = "gnu++20";
				CLANG_ENABLE_MODULES = YES;
				CLANG_ENABLE_OBJC_ARC = YES;
				CLANG_ENABLE_OBJC_WEAK = YES;
				CLANG_WARN_BLOCK_CAPTURE_AUTORELEASING = YES;
				CLANG_WARN_BOOL_CONVERSION = YES;
				CLANG_WARN_COMMA = YES;
				CLANG_WARN_CONSTANT_CONVERSION = YES;
				CLANG_WARN_DEPRECATED_OBJC_IMPLEMENTATIONS = YES;
				CLANG_WARN_DIRECT_OBJC_ISA_USAGE = YES_ERROR;
				CLANG_WARN_DOCUMENTATION_COMMENTS = YES;
				CLANG_WARN_EMPTY_BODY = YES;
				CLANG_WARN_ENUM_CONVERSION = YES;
				CLANG_WARN_INFINITE_RECURSION = YES;
				CLANG_WARN_INT_CONVERSION = YES;
				CLANG_WARN_NON_LITERAL_NULL_CONVERSION = YES;
				CLANG_WARN_OBJC_IMPLICIT_RETAIN_SELF = YES;
				CLANG_WARN_OBJC_LITERAL_CONVERSION = YES;
				CLANG_WARN_OBJC_ROOT_CLASS = YES_ERROR;
				CLANG_WARN_QUOTED_INCLUDE_IN_FRAMEWORK_HEADER = YES;
				CLANG_WARN_RANGE_LOOP_ANALYSIS = YES;
				CLANG_WARN_STRICT_PROTOTYPES = YES;
				CLANG_WARN_SUSPICIOUS_MOVE = YES;
				CLANG_WARN_UNGUARDED_AVAILABILITY = YES_AGGRESSIVE;
				CLANG_WARN_UNREACHABLE_CODE = YES;
				CLANG_WARN__DUPLICATE_METHOD_MATCH = YES;
				COPY_PHASE_STRIP = NO;
				DEBUG_INFORMATION_FORMAT = dwarf;
				ENABLE_STRICT_OBJC_MSGSEND = YES;
				ENABLE_TESTABILITY = YES;
				ENABLE_USER_SCRIPT_SANDBOXING = YES;
				GCC_C_LANGUAGE_STANDARD = gnu17;
				GCC_DYNAMIC_NO_PIC = NO;
				GCC_NO_COMMON_BLOCKS = YES;
				GCC_OPTIMIZATION_LEVEL = 0;
				GCC_PREPROCESSOR_DEFINITIONS = (
					"DEBUG=1",
					"$(inherited)",
				);
				GCC_WARN_64_TO_32_BIT_CONVERSION = YES;
				GCC_WARN_ABOUT_RETURN_TYPE = YES_ERROR;
				GCC_WARN_UNDECLARED_SELECTOR = YES;
				GCC_WARN_UNINITIALIZED_AUTOS = YES_AGGRESSIVE;
				GCC_WARN_UNUSED_FUNCTION = YES;
				GCC_WARN_UNUSED_VARIABLE = YES;
				IPHONEOS_DEPLOYMENT_TARGET = 26.4;
				LOCALIZATION_PREFERS_STRING_CATALOGS = YES;
				MTL_ENABLE_DEBUG_INFO = INCLUDE_SOURCE;
				MTL_FAST_MATH = YES;
				ONLY_ACTIVE_ARCH = YES;
				SDKROOT = iphoneos;
				SWIFT_ACTIVE_COMPILATION_CONDITIONS = "DEBUG $(inherited)";
				SWIFT_OPTIMIZATION_LEVEL = "-Onone";
			};
			name = Debug;
		};
		8704899F2FB0A6F3002AAB5F /* Release */ = {
			isa = XCBuildConfiguration;
			buildSettings = {
				ALWAYS_SEARCH_USER_PATHS = NO;
				ASSETCATALOG_COMPILER_GENERATE_SWIFT_ASSET_SYMBOL_EXTENSIONS = YES;
				CLANG_ANALYZER_NONNULL = YES;
				CLANG_ANALYZER_NUMBER_OBJECT_CONVERSION = YES_AGGRESSIVE;
				CLANG_CXX_LANGUAGE_STANDARD = "gnu++20";
				CLANG_ENABLE_MODULES = YES;
				CLANG_ENABLE_OBJC_ARC = YES;
				CLANG_ENABLE_OBJC_WEAK = YES;
				CLANG_WARN_BLOCK_CAPTURE_AUTORELEASING = YES;
				CLANG_WARN_BOOL_CONVERSION = YES;
				CLANG_WARN_COMMA = YES;
				CLANG_WARN_CONSTANT_CONVERSION = YES;
				CLANG_WARN_DEPRECATED_OBJC_IMPLEMENTATIONS = YES;
				CLANG_WARN_DIRECT_OBJC_ISA_USAGE = YES_ERROR;
				CLANG_WARN_DOCUMENTATION_COMMENTS = YES;
				CLANG_WARN_EMPTY_BODY = YES;
				CLANG_WARN_ENUM_CONVERSION = YES;
				CLANG_WARN_INFINITE_RECURSION = YES;
				CLANG_WARN_INT_CONVERSION = YES;
				CLANG_WARN_NON_LITERAL_NULL_CONVERSION = YES;
				CLANG_WARN_OBJC_IMPLICIT_RETAIN_SELF = YES;
				CLANG_WARN_OBJC_LITERAL_CONVERSION = YES;
				CLANG_WARN_OBJC_ROOT_CLASS = YES_ERROR;
				CLANG_WARN_QUOTED_INCLUDE_IN_FRAMEWORK_HEADER = YES;
				CLANG_WARN_RANGE_LOOP_ANALYSIS = YES;
				CLANG_WARN_STRICT_PROTOTYPES = YES;
				CLANG_WARN_SUSPICIOUS_MOVE = YES;
				CLANG_WARN_UNGUARDED_AVAILABILITY = YES_AGGRESSIVE;
				CLANG_WARN_UNREACHABLE_CODE = YES;
				CLANG_WARN__DUPLICATE_METHOD_MATCH = YES;
				COPY_PHASE_STRIP = NO;
				DEBUG_INFORMATION_FORMAT = "dwarf-with-dsym";
				ENABLE_NS_ASSERTIONS = NO;
				ENABLE_STRICT_OBJC_MSGSEND = YES;
				ENABLE_USER_SCRIPT_SANDBOXING = YES;
				GCC_C_LANGUAGE_STANDARD = gnu17;
				GCC_NO_COMMON_BLOCKS = YES;
				GCC_WARN_64_TO_32_BIT_CONVERSION = YES;
				GCC_WARN_ABOUT_RETURN_TYPE = YES_ERROR;
				GCC_WARN_UNDECLARED_SELECTOR = YES;
				GCC_WARN_UNINITIALIZED_AUTOS = YES_AGGRESSIVE;
				GCC_WARN_UNUSED_FUNCTION = YES;
				GCC_WARN_UNUSED_VARIABLE = YES;
				IPHONEOS_DEPLOYMENT_TARGET = 26.4;
				LOCALIZATION_PREFERS_STRING_CATALOGS = YES;
				MTL_ENABLE_DEBUG_INFO = NO;
				MTL_FAST_MATH = YES;
				SDKROOT = iphoneos;
				SWIFT_COMPILATION_MODE = wholemodule;
				VALIDATE_PRODUCT = YES;
			};
			name = Release;
		};
		870489A12FB0A6F3002AAB5F /* Debug */ = {
			isa = XCBuildConfiguration;
			buildSettings = {
				CODE_SIGN_STYLE = Automatic;
				CURRENT_PROJECT_VERSION = 1;
				DEVELOPMENT_TEAM = RJT2R3N326;
				GENERATE_INFOPLIST_FILE = YES;
				INFOPLIST_FILE = "Veil Extension/Info.plist";
				INFOPLIST_KEY_CFBundleDisplayName = "Veil Extension";
				INFOPLIST_KEY_NSHumanReadableCopyright = "";
				IPHONEOS_DEPLOYMENT_TARGET = 15.0;
				LD_RUNPATH_SEARCH_PATHS = (
					"$(inherited)",
					"@executable_path/Frameworks",
					"@executable_path/../../Frameworks",
				);
				MARKETING_VERSION = 1.0;
				OTHER_LDFLAGS = (
					"-framework",
					SafariServices,
				);
				PRODUCT_BUNDLE_IDENTIFIER = com.mmovsesyan.veil.Extension;
				PRODUCT_NAME = "$(TARGET_NAME)";
				SKIP_INSTALL = YES;
				STRING_CATALOG_GENERATE_SYMBOLS = YES;
				SWIFT_APPROACHABLE_CONCURRENCY = YES;
				SWIFT_EMIT_LOC_STRINGS = YES;
				SWIFT_UPCOMING_FEATURE_MEMBER_IMPORT_VISIBILITY = YES;
				SWIFT_VERSION = 5.0;
				TARGETED_DEVICE_FAMILY = "1,2";
			};
			name = Debug;
		};
		870489A22FB0A6F3002AAB5F /* Release */ = {
			isa = XCBuildConfiguration;
			buildSettings = {
				CODE_SIGN_STYLE = Automatic;
				CURRENT_PROJECT_VERSION = 1;
				DEVELOPMENT_TEAM = RJT2R3N326;
				GENERATE_INFOPLIST_FILE = YES;
				INFOPLIST_FILE = "Veil Extension/Info.plist";
				INFOPLIST_KEY_CFBundleDisplayName = "Veil Extension";
				INFOPLIST_KEY_NSHumanReadableCopyright = "";
				IPHONEOS_DEPLOYMENT_TARGET = 15.0;
				LD_RUNPATH_SEARCH_PATHS = (
					"$(inherited)",
					"@executable_path/Frameworks",
					"@executable_path/../../Frameworks",
				);
				MARKETING_VERSION = 1.0;
				OTHER_LDFLAGS = (
					"-framework",
					SafariServices,
				);
				PRODUCT_BUNDLE_IDENTIFIER = com.mmovsesyan.veil.Extension;
				PRODUCT_NAME = "$(TARGET_NAME)";
				SKIP_INSTALL = YES;
				STRING_CATALOG_GENERATE_SYMBOLS = YES;
				SWIFT_APPROACHABLE_CONCURRENCY = YES;
				SWIFT_EMIT_LOC_STRINGS = YES;
				SWIFT_UPCOMING_FEATURE_MEMBER_IMPORT_VISIBILITY = YES;
				SWIFT_VERSION = 5.0;
				TARGETED_DEVICE_FAMILY = "1,2";
			};
			name = Release;
		};
		870489A52FB0A6F3002AAB5F /* Debug */ = {
			isa = XCBuildConfiguration;
			buildSettings = {
				ASSETCATALOG_COMPILER_APPICON_NAME = AppIcon;
				ASSETCATALOG_COMPILER_GLOBAL_ACCENT_COLOR_NAME = AccentColor;
				CODE_SIGN_STYLE = Automatic;
				CURRENT_PROJECT_VERSION = 1;
				DEVELOPMENT_TEAM = RJT2R3N326;
				GENERATE_INFOPLIST_FILE = YES;
				INFOPLIST_FILE = Veil/Info.plist;
				INFOPLIST_KEY_CFBundleDisplayName = Veil;
				INFOPLIST_KEY_UIApplicationSupportsIndirectInputEvents = YES;
				INFOPLIST_KEY_UILaunchStoryboardName = LaunchScreen;
				INFOPLIST_KEY_UIMainStoryboardFile = Main;
				INFOPLIST_KEY_UISupportedInterfaceOrientations_iPad = "UIInterfaceOrientationPortrait UIInterfaceOrientationPortraitUpsideDown UIInterfaceOrientationLandscapeLeft UIInterfaceOrientationLandscapeRight";
				INFOPLIST_KEY_UISupportedInterfaceOrientations_iPhone = "UIInterfaceOrientationPortrait UIInterfaceOrientationLandscapeLeft UIInterfaceOrientationLandscapeRight";
				IPHONEOS_DEPLOYMENT_TARGET = 15.0;
				LD_RUNPATH_SEARCH_PATHS = (
					"$(inherited)",
					"@executable_path/Frameworks",
				);
				MARKETING_VERSION = 1.0;
				OTHER_LDFLAGS = (
					"-framework",
					SafariServices,
					"-framework",
					WebKit,
				);
				PRODUCT_BUNDLE_IDENTIFIER = com.mmovsesyan.veil;
				PRODUCT_NAME = "$(TARGET_NAME)";
				STRING_CATALOG_GENERATE_SYMBOLS = YES;
				SWIFT_APPROACHABLE_CONCURRENCY = YES;
				SWIFT_DEFAULT_ACTOR_ISOLATION = MainActor;
				SWIFT_EMIT_LOC_STRINGS = YES;
				SWIFT_UPCOMING_FEATURE_MEMBER_IMPORT_VISIBILITY = YES;
				SWIFT_VERSION = 5.0;
				TARGETED_DEVICE_FAMILY = "1,2";
			};
			name = Debug;
		};
		870489A62FB0A6F3002AAB5F /* Release */ = {
			isa = XCBuildConfiguration;
			buildSettings = {
				ASSETCATALOG_COMPILER_APPICON_NAME = AppIcon;
				ASSETCATALOG_COMPILER_GLOBAL_ACCENT_COLOR_NAME = AccentColor;
				CODE_SIGN_STYLE = Automatic;
				CURRENT_PROJECT_VERSION = 1;
				DEVELOPMENT_TEAM = RJT2R3N326;
				GENERATE_INFOPLIST_FILE = YES;
				INFOPLIST_FILE = Veil/Info.plist;
				INFOPLIST_KEY_CFBundleDisplayName = Veil;
				INFOPLIST_KEY_UIApplicationSupportsIndirectInputEvents = YES;
				INFOPLIST_KEY_UILaunchStoryboardName = LaunchScreen;
				INFOPLIST_KEY_UIMainStoryboardFile = Main;
				INFOPLIST_KEY_UISupportedInterfaceOrientations_iPad = "UIInterfaceOrientationPortrait UIInterfaceOrientationPortraitUpsideDown UIInterfaceOrientationLandscapeLeft UIInterfaceOrientationLandscapeRight";
				INFOPLIST_KEY_UISupportedInterfaceOrientations_iPhone = "UIInterfaceOrientationPortrait UIInterfaceOrientationLandscapeLeft UIInterfaceOrientationLandscapeRight";
				IPHONEOS_DEPLOYMENT_TARGET = 15.0;
				LD_RUNPATH_SEARCH_PATHS = (
					"$(inherited)",
					"@executable_path/Frameworks",
				);
				MARKETING_VERSION = 1.0;
				OTHER_LDFLAGS = (
					"-framework",
					SafariServices,
					"-framework",
					WebKit,
				);
				PRODUCT_BUNDLE_IDENTIFIER = com.mmovsesyan.veil;
				PRODUCT_NAME = "$(TARGET_NAME)";
				STRING_CATALOG_GENERATE_SYMBOLS = YES;
				SWIFT_APPROACHABLE_CONCURRENCY = YES;
				SWIFT_DEFAULT_ACTOR_ISOLATION = MainActor;
				SWIFT_EMIT_LOC_STRINGS = YES;
				SWIFT_UPCOMING_FEATURE_MEMBER_IMPORT_VISIBILITY = YES;
				SWIFT_VERSION = 5.0;
				TARGETED_DEVICE_FAMILY = "1,2";
			};
			name = Release;
		};
/* End XCBuildConfiguration section */

/* Begin XCConfigurationList section */
		870489732FB0A6F2002AAB5F /* Build configuration list for PBXProject "Veil" */ = {
			isa = XCConfigurationList;
			buildConfigurations = (
				8704899E2FB0A6F3002AAB5F /* Debug */,
				8704899F2FB0A6F3002AAB5F /* Release */,
			);
			defaultConfigurationIsVisible = 0;
			defaultConfigurationName = Release;
		};
		870489A02FB0A6F3002AAB5F /* Build configuration list for PBXNativeTarget "Veil Extension" */ = {
			isa = XCConfigurationList;
			buildConfigurations = (
				870489A12FB0A6F3002AAB5F /* Debug */,
				870489A22FB0A6F3002AAB5F /* Release */,
			);
			defaultConfigurationIsVisible = 0;
			defaultConfigurationName = Release;
		};
		870489A42FB0A6F3002AAB5F /* Build configuration list for PBXNativeTarget "Veil" */ = {
			isa = XCConfigurationList;
			buildConfigurations = (
				870489A52FB0A6F3002AAB5F /* Debug */,
				870489A62FB0A6F3002AAB5F /* Release */,
			);
			defaultConfigurationIsVisible = 0;
			defaultConfigurationName = Release;
		};
/* End XCConfigurationList section */
	};
	rootObject = 870489702FB0A6F2002AAB5F /* Project object */;
}
